
Microsoft Visual Studio Solution File, Format Version 12.00
# Visual Studio Version 16
VisualStudioVersion = 16.0.31112.23
MinimumVisualStudioVersion = 10.0.40219.1
Project("{9A19103F-16F7-4668-BE54-9A1E7A4F7556}") = "ReactCoreCRUD", "ReactCoreCRUD\ReactCoreCRUD.csproj", "{38FF5F1F-8EA4-45E1-B85A-8FA5311FF337}"
EndProject
Project("{FAE04EC0-301F-11D3-BF4B-00C04F79EFBC}") = "ReactCoreCRUD.Interfaces", "ReactCoreCRUD.Interfaces\ReactCoreCRUD.Interfaces.csproj", "{1C140C95-D8CA-4962-A882-DF6AC6152225}"
EndProject
Project("{FAE04EC0-301F-11D3-BF4B-00C04F79EFBC}") = "ReactCoreCRUD.Entities", "ReactCoreCRUD.Entities\ReactCoreCRUD.Entities.csproj", "{DE3FF9A0-BA89-438F-BEDD-EF1E68908F1F}"
EndProject
Project("{FAE04EC0-301F-11D3-BF4B-00C04F79EFBC}") = "ReactCoreCRUD.Repository", "ReactCoreCRUD.Repository\ReactCoreCRUD.Repository.csproj", "{54D4C28F-7C48-4A2B-B3BF-E8B2D4333E59}"
EndProject
Global
	GlobalSection(SolutionConfigurationPlatforms) = preSolution
		Debug|Any CPU = Debug|Any CPU
		Release|Any CPU = Release|Any CPU
	EndGlobalSection
	GlobalSection(ProjectConfigurationPlatforms) = postSolution
		{38FF5F1F-8EA4-45E1-B85A-8FA5311FF337}.Debug|Any CPU.ActiveCfg = Debug|Any CPU
		{38FF5F1F-8EA4-45E1-B85A-8FA5311FF337}.Debug|Any CPU.Build.0 = Debug|Any CPU
		{38FF5F1F-8EA4-45E1-B85A-8FA5311FF337}.Release|Any CPU.ActiveCfg = Release|Any CPU
		{38FF5F1F-8EA4-45E1-B85A-8FA5311FF337}.Release|Any CPU.Build.0 = Release|Any CPU
		{1C140C95-D8CA-4962-A882-DF6AC6152225}.Debug|Any CPU.ActiveCfg = Debug|Any CPU
		{1C140C95-D8CA-4962-A882-DF6AC6152225}.Debug|Any CPU.Build.0 = Debug|Any CPU
		{1C140C95-D8CA-4962-A882-DF6AC6152225}.Release|Any CPU.ActiveCfg = Release|Any CPU
		{1C140C95-D8CA-4962-A882-DF6AC6152225}.Release|Any CPU.Build.0 = Release|Any CPU
		{DE3FF9A0-BA89-438F-BEDD-EF1E68908F1F}.Debug|Any CPU.ActiveCfg = Debug|Any CPU
		{DE3FF9A0-BA89-438F-BEDD-EF1E68908F1F}.Debug|Any CPU.Build.0 = Debug|Any CPU
		{DE3FF9A0-BA89-438F-BEDD-EF1E68908F1F}.Release|Any CPU.ActiveCfg = Release|Any CPU
		{DE3FF9A0-BA89-438F-BEDD-EF1E68908F1F}.Release|Any CPU.Build.0 = Release|Any CPU
		{54D4C28F-7C48-4A2B-B3BF-E8B2D4333E59}.Debug|Any CPU.ActiveCfg = Debug|Any CPU
		{54D4C28F-7C48-4A2B-B3BF-E8B2D4333E59}.Debug|Any CPU.Build.0 = Debug|Any CPU
		{54D4C28F-7C48-4A2B-B3BF-E8B2D4333E59}.Release|Any CPU.ActiveCfg = Release|Any CPU
		{54D4C28F-7C48-4A2B-B3BF-E8B2D4333E59}.Release|Any CPU.Build.0 = Release|Any CPU
	EndGlobalSection
	GlobalSection(SolutionProperties) = preSolution
		HideSolutionNode = FALSE
	EndGlobalSection
	GlobalSection(ExtensibilityGlobals) = postSolution
		SolutionGuid = {163D07BA-FA4A-4991-AEB2-508659DFD8C4}
	EndGlobalSection
EndGlobal
